<?xml version="1.0" encoding="utf-8"?>
<Project ToolsVersion="4.0" xmlns="http://schemas.microsoft.com/developer/msbuild/2003">
  <ItemGroup>
    <Filter Include="Source Files">
      <UniqueIdentifier>{4FC737F1-C7A5-4376-A066-2A32D752A2FF}</UniqueIdentifier>
      <Extensions>cpp;c;cc;cxx;def;odl;idl;hpj;bat;asm;asmx</Extensions>
    </Filter>
    <Filter Include="Header Files">
      <UniqueIdentifier>{93995380-89BD-4b04-88EB-625FBE52EBFB}</UniqueIdentifier>
      <Extensions>h;hh;hpp;hxx;hm;inl;inc;ipp;xsd</Extensions>
    </Filter>
    <Filter Include="Resource Files">
      <UniqueIdentifier>{67DA6AB6-F800-4c08-8B7A-83BB121AAD01}</UniqueIdentifier>
      <Extensions>rc;ico;cur;bmp;dlg;rc2;rct;bin;rgs;gif;jpg;jpeg;jpe;resx;tiff;tif;png;wav;mfcribbon-ms</Extensions>
    </Filter>
    <Filter Include="ImGui">
      <UniqueIdentifier>{69aba289-46fa-4439-b86c-fcfe6750dcda}</UniqueIdentifier>
    </Filter>
    <Filter Include="Resource Files\shaders">
      <UniqueIdentifier>{fc80ed1b-1602-4811-897d-13464e5fb753}</UniqueIdentifier>
    </Filter>
    <Filter Include="Header Files\Tests">
      <UniqueIdentifier>{4fe089a4-89be-4473-bd0a-0edfafcb663f}</UniqueIdentifier>
    </Filter>
    <Filter Include="Source Files\Tests">
      <UniqueIdentifier>{1d9bf94b-0703-4d31-b4aa-d8216ceefd39}</UniqueIdentifier>
    </Filter>
    <Filter Include="Header Files\Simulation Engine">
      <UniqueIdentifier>{87aacb54-65ea-4daf-9923-311153c8e726}</UniqueIdentifier>
    </Filter>
    <Filter Include="Source Files\Simulation Engine">
      <UniqueIdentifier>{0d76d811-87b2-4553-bec3-af29397aa0e0}</UniqueIdentifier>
    </Filter>
    <Filter Include="Resource Files\shaders\Simulation Engine">
      <UniqueIdentifier>{fa12dfd1-b2f4-4166-aa39-d0da9b0ddc20}</UniqueIdentifier>
    </Filter>
    <Filter Include="Resource Files\shaders\Simulation Engine\Fractals">
      <UniqueIdentifier>{7246ffd1-2185-4f02-9493-f2c07c48746a}</UniqueIdentifier>
    </Filter>
    <Filter Include="Source Files\OpenGL abstraction">
      <UniqueIdentifier>{0b0c3b08-90cc-4689-8c03-5a7647109e5a}</UniqueIdentifier>
    </Filter>
    <Filter Include="NewFilter1">
      <UniqueIdentifier>{22d024be-a447-4457-84ea-9d27cbba19a4}</UniqueIdentifier>
    </Filter>
  </ItemGroup>
  <ItemGroup>
    <ClInclude Include="pch.h">
      <Filter>Header Files</Filter>
    </ClInclude>
    <ClInclude Include="imgui\imconfig.h">
      <Filter>ImGui</Filter>
    </ClInclude>
    <ClInclude Include="imgui\imgui.h">
      <Filter>ImGui</Filter>
    </ClInclude>
    <ClInclude Include="imgui\imgui_impl_glfw.h">
      <Filter>ImGui</Filter>
    </ClInclude>
    <ClInclude Include="imgui\imgui_impl_opengl3.h">
      <Filter>ImGui</Filter>
    </ClInclude>
    <ClInclude Include="imgui\imgui_internal.h">
      <Filter>ImGui</Filter>
    </ClInclude>
    <ClInclude Include="imgui\imstb_rectpack.h">
      <Filter>ImGui</Filter>
    </ClInclude>
    <ClInclude Include="imgui\imstb_textedit.h">
      <Filter>ImGui</Filter>
    </ClInclude>
    <ClInclude Include="imgui\imstb_truetype.h">
      <Filter>ImGui</Filter>
    </ClInclude>
    <ClInclude Include="IndexBuffer.h">
      <Filter>Header Files</Filter>
    </ClInclude>
    <ClInclude Include="Renderer.h">
      <Filter>Header Files</Filter>
    </ClInclude>
    <ClInclude Include="ShaderProgram.h">
      <Filter>Header Files</Filter>
    </ClInclude>
    <ClInclude Include="VertexArray.h">
      <Filter>Header Files</Filter>
    </ClInclude>
    <ClInclude Include="VertexBuffer.h">
      <Filter>Header Files</Filter>
    </ClInclude>
    <ClInclude Include="BufferLayout.h">
      <Filter>Header Files</Filter>
    </ClInclude>
    <ClInclude Include="LightTest.h">
      <Filter>Header Files\Tests</Filter>
    </ClInclude>
    <ClInclude Include="ModelMatrixTest.h">
      <Filter>Header Files\Tests</Filter>
    </ClInclude>
    <ClInclude Include="Test.h">
      <Filter>Header Files\Tests</Filter>
    </ClInclude>
    <ClInclude Include="DebugTest.h">
      <Filter>Header Files\Tests</Filter>
    </ClInclude>
    <ClInclude Include="HeightMap.h">
      <Filter>Header Files</Filter>
    </ClInclude>
    <ClInclude Include="TerrainTest.h">
      <Filter>Header Files\Tests</Filter>
    </ClInclude>
    <ClInclude Include="Multibrot.h">
      <Filter>Header Files\Simulation Engine</Filter>
    </ClInclude>
    <ClInclude Include="MultibrotParam.h">
      <Filter>Header Files\Simulation Engine</Filter>
    </ClInclude>
    <ClInclude Include="resource.h">
      <Filter>Header Files</Filter>
    </ClInclude>
  </ItemGroup>
  <ItemGroup>
    <ClCompile Include="pch.cpp">
      <Filter>Source Files</Filter>
    </ClCompile>
    <ClCompile Include="imgui\imgui.cpp">
      <Filter>ImGui</Filter>
    </ClCompile>
    <ClCompile Include="imgui\imgui_demo.cpp">
      <Filter>ImGui</Filter>
    </ClCompile>
    <ClCompile Include="imgui\imgui_draw.cpp">
      <Filter>ImGui</Filter>
    </ClCompile>
    <ClCompile Include="imgui\imgui_impl_glfw.cpp">
      <Filter>ImGui</Filter>
    </ClCompile>
    <ClCompile Include="imgui\imgui_impl_opengl3.cpp">
      <Filter>ImGui</Filter>
    </ClCompile>
    <ClCompile Include="imgui\imgui_widgets.cpp">
      <Filter>ImGui</Filter>
    </ClCompile>
    <ClCompile Include="Test.cpp">
      <Filter>Source Files\Tests</Filter>
    </ClCompile>
    <ClCompile Include="Multibrot.cpp">
      <Filter>Source Files\Simulation Engine</Filter>
    </ClCompile>
    <ClCompile Include="MultibrotParam.cpp">
      <Filter>Source Files\Simulation Engine</Filter>
    </ClCompile>
    <ClCompile Include="main.cpp">
      <Filter>Source Files</Filter>
    </ClCompile>
    <ClCompile Include="IndexBuffer.cpp">
      <Filter>Source Files\OpenGL abstraction</Filter>
    </ClCompile>
    <ClCompile Include="BufferLayout.cpp">
      <Filter>Source Files\OpenGL abstraction</Filter>
    </ClCompile>
    <ClCompile Include="ShaderProgram.cpp">
      <Filter>Source Files\OpenGL abstraction</Filter>
    </ClCompile>
    <ClCompile Include="VertexArray.cpp">
      <Filter>Source Files\OpenGL abstraction</Filter>
    </ClCompile>
    <ClCompile Include="VertexBuffer.cpp">
      <Filter>Source Files\OpenGL abstraction</Filter>
    </ClCompile>
    <ClCompile Include="Renderer.cpp">
      <Filter>Source Files\OpenGL abstraction</Filter>
    </ClCompile>
  </ItemGroup>
  <ItemGroup>
    <None Include="resources\shaders\simulation_engine\plane_shader.shader">
      <Filter>Resource Files\shaders\Simulation Engine</Filter>
    </None>
    <None Include="resources\shaders\simulation_engine\fractals\multibrot.shader">
      <Filter>Resource Files\shaders\Simulation Engine\Fractals</Filter>
    </None>
    <None Include="resources\shaders\simulation_engine\fractals\multibrot_pixelated.shader">
      <Filter>Resource Files\shaders\Simulation Engine\Fractals</Filter>
    </None>
  </ItemGroup>
  <ItemGroup>
    <Text Include="glm\CMakeLists.txt" />
  </ItemGroup>
  <ItemGroup>
    <ResourceCompile Include="MultibrotVisualiser.rc">
      <Filter>Resource Files</Filter>
    </ResourceCompile>
  </ItemGroup>
</Project>